
Microsoft Visual Studio Solution File, Format Version 12.00
# Visual Studio 15
Project("{FAE04EC0-301F-11D3-BF4B-00C04F79EFBC}") = "PrivateSquare.Android", "PrivateSquare.Android\PrivateSquare.Android.csproj", "{C11F526A-6659-4201-BEED-09F9283CCD37}"
EndProject
Project("{FAE04EC0-301F-11D3-BF4B-00C04F79EFBC}") = "PrivateSquare.iOS", "PrivateSquare.iOS\PrivateSquare.iOS.csproj", "{2E936A16-CE3E-4B79-8C67-3EBCD289E280}"
EndProject
Project("{FAE04EC0-301F-11D3-BF4B-00C04F79EFBC}") = "PrivateSquare.UITests", "PrivateSquare.UITests\PrivateSquare.UITests.csproj", "{CC4D104F-EBA9-4781-85B0-0B59F4BDCAD5}"
EndProject
Project("{FAE04EC0-301F-11D3-BF4B-00C04F79EFBC}") = "PrivateSquare", "PrivateSquare\PrivateSquare.csproj", "{32EC59CA-B4AE-4B89-A467-E69331C183F8}"
EndProject
Global
	GlobalSection(SolutionConfigurationPlatforms) = preSolution
		Debug|Any CPU = Debug|Any CPU
		Release|Any CPU = Release|Any CPU
		Debug|iPhoneSimulator = Debug|iPhoneSimulator
		Release|iPhoneSimulator = Release|iPhoneSimulator
		Debug|iPhone = Debug|iPhone
		Release|iPhone = Release|iPhone
	EndGlobalSection
	GlobalSection(ProjectConfigurationPlatforms) = postSolution
		{C11F526A-6659-4201-BEED-09F9283CCD37}.Debug|Any CPU.ActiveCfg = Debug|Any CPU
		{C11F526A-6659-4201-BEED-09F9283CCD37}.Debug|Any CPU.Build.0 = Debug|Any CPU
		{C11F526A-6659-4201-BEED-09F9283CCD37}.Release|Any CPU.ActiveCfg = Release|Any CPU
		{C11F526A-6659-4201-BEED-09F9283CCD37}.Release|Any CPU.Build.0 = Release|Any CPU
		{C11F526A-6659-4201-BEED-09F9283CCD37}.Debug|iPhoneSimulator.ActiveCfg = Debug|Any CPU
		{C11F526A-6659-4201-BEED-09F9283CCD37}.Debug|iPhoneSimulator.Build.0 = Debug|Any CPU
		{C11F526A-6659-4201-BEED-09F9283CCD37}.Release|iPhoneSimulator.ActiveCfg = Release|Any CPU
		{C11F526A-6659-4201-BEED-09F9283CCD37}.Release|iPhoneSimulator.Build.0 = Release|Any CPU
		{C11F526A-6659-4201-BEED-09F9283CCD37}.Debug|iPhone.ActiveCfg = Debug|Any CPU
		{C11F526A-6659-4201-BEED-09F9283CCD37}.Debug|iPhone.Build.0 = Debug|Any CPU
		{C11F526A-6659-4201-BEED-09F9283CCD37}.Release|iPhone.ActiveCfg = Release|Any CPU
		{C11F526A-6659-4201-BEED-09F9283CCD37}.Release|iPhone.Build.0 = Release|Any CPU
		{2E936A16-CE3E-4B79-8C67-3EBCD289E280}.Debug|Any CPU.ActiveCfg = Debug|iPhoneSimulator
		{2E936A16-CE3E-4B79-8C67-3EBCD289E280}.Debug|Any CPU.Build.0 = Debug|iPhoneSimulator
		{2E936A16-CE3E-4B79-8C67-3EBCD289E280}.Release|Any CPU.ActiveCfg = Release|iPhoneSimulator
		{2E936A16-CE3E-4B79-8C67-3EBCD289E280}.Release|Any CPU.Build.0 = Release|iPhoneSimulator
		{2E936A16-CE3E-4B79-8C67-3EBCD289E280}.Debug|iPhoneSimulator.ActiveCfg = Debug|iPhoneSimulator
		{2E936A16-CE3E-4B79-8C67-3EBCD289E280}.Debug|iPhoneSimulator.Build.0 = Debug|iPhoneSimulator
		{2E936A16-CE3E-4B79-8C67-3EBCD289E280}.Release|iPhoneSimulator.ActiveCfg = Release|iPhoneSimulator
		{2E936A16-CE3E-4B79-8C67-3EBCD289E280}.Release|iPhoneSimulator.Build.0 = Release|iPhoneSimulator
		{2E936A16-CE3E-4B79-8C67-3EBCD289E280}.Debug|iPhone.ActiveCfg = Debug|iPhone
		{2E936A16-CE3E-4B79-8C67-3EBCD289E280}.Debug|iPhone.Build.0 = Debug|iPhone
		{2E936A16-CE3E-4B79-8C67-3EBCD289E280}.Release|iPhone.ActiveCfg = Release|iPhone
		{2E936A16-CE3E-4B79-8C67-3EBCD289E280}.Release|iPhone.Build.0 = Release|iPhone
		{CC4D104F-EBA9-4781-85B0-0B59F4BDCAD5}.Debug|Any CPU.ActiveCfg = Debug|Any CPU
		{CC4D104F-EBA9-4781-85B0-0B59F4BDCAD5}.Debug|Any CPU.Build.0 = Debug|Any CPU
		{CC4D104F-EBA9-4781-85B0-0B59F4BDCAD5}.Release|Any CPU.ActiveCfg = Release|Any CPU
		{CC4D104F-EBA9-4781-85B0-0B59F4BDCAD5}.Release|Any CPU.Build.0 = Release|Any CPU
		{CC4D104F-EBA9-4781-85B0-0B59F4BDCAD5}.Debug|iPhoneSimulator.ActiveCfg = Debug|Any CPU
		{CC4D104F-EBA9-4781-85B0-0B59F4BDCAD5}.Debug|iPhoneSimulator.Build.0 = Debug|Any CPU
		{CC4D104F-EBA9-4781-85B0-0B59F4BDCAD5}.Release|iPhoneSimulator.ActiveCfg = Release|Any CPU
		{CC4D104F-EBA9-4781-85B0-0B59F4BDCAD5}.Release|iPhoneSimulator.Build.0 = Release|Any CPU
		{CC4D104F-EBA9-4781-85B0-0B59F4BDCAD5}.Debug|iPhone.ActiveCfg = Debug|Any CPU
		{CC4D104F-EBA9-4781-85B0-0B59F4BDCAD5}.Debug|iPhone.Build.0 = Debug|Any CPU
		{CC4D104F-EBA9-4781-85B0-0B59F4BDCAD5}.Release|iPhone.ActiveCfg = Release|Any CPU
		{CC4D104F-EBA9-4781-85B0-0B59F4BDCAD5}.Release|iPhone.Build.0 = Release|Any CPU
		{32EC59CA-B4AE-4B89-A467-E69331C183F8}.Debug|Any CPU.ActiveCfg = Debug|Any CPU
		{32EC59CA-B4AE-4B89-A467-E69331C183F8}.Debug|Any CPU.Build.0 = Debug|Any CPU
		{32EC59CA-B4AE-4B89-A467-E69331C183F8}.Release|Any CPU.ActiveCfg = Release|Any CPU
		{32EC59CA-B4AE-4B89-A467-E69331C183F8}.Release|Any CPU.Build.0 = Release|Any CPU
		{32EC59CA-B4AE-4B89-A467-E69331C183F8}.Debug|iPhoneSimulator.ActiveCfg = Debug|Any CPU
		{32EC59CA-B4AE-4B89-A467-E69331C183F8}.Debug|iPhoneSimulator.Build.0 = Debug|Any CPU
		{32EC59CA-B4AE-4B89-A467-E69331C183F8}.Release|iPhoneSimulator.ActiveCfg = Release|Any CPU
		{32EC59CA-B4AE-4B89-A467-E69331C183F8}.Release|iPhoneSimulator.Build.0 = Release|Any CPU
		{32EC59CA-B4AE-4B89-A467-E69331C183F8}.Debug|iPhone.ActiveCfg = Debug|Any CPU
		{32EC59CA-B4AE-4B89-A467-E69331C183F8}.Debug|iPhone.Build.0 = Debug|Any CPU
		{32EC59CA-B4AE-4B89-A467-E69331C183F8}.Release|iPhone.ActiveCfg = Release|Any CPU
		{32EC59CA-B4AE-4B89-A467-E69331C183F8}.Release|iPhone.Build.0 = Release|Any CPU
	EndGlobalSection
EndGlobal
